
Microsoft Visual Studio Solution File, Format Version 12.00
# Visual Studio Version 16
VisualStudioVersion = 16.0.30611.23
MinimumVisualStudioVersion = 10.0.40219.1
Project("{FAE04EC0-301F-11D3-BF4B-00C04F79EFBC}") = "DataViewExample", "DataViewExample.csproj", "{2DAFE198-8671-4B24-B44E-750630DB8295}"
EndProject
Global
	GlobalSection(SolutionConfigurationPlatforms) = preSolution
		Debug|Any CPU = Debug|Any CPU
		Release|Any CPU = Release|Any CPU
	EndGlobalSection
	GlobalSection(ProjectConfigurationPlatforms) = postSolution
		{2DAFE198-8671-4B24-B44E-750630DB8295}.Debug|Any CPU.ActiveCfg = Debug|Any CPU
		{2DAFE198-8671-4B24-B44E-750630DB8295}.Debug|Any CPU.Build.0 = Debug|Any CPU
		{2DAFE198-8671-4B24-B44E-750630DB8295}.Release|Any CPU.ActiveCfg = Release|Any CPU
		{2DAFE198-8671-4B24-B44E-750630DB8295}.Release|Any CPU.Build.0 = Release|Any CPU
	EndGlobalSection
	GlobalSection(SolutionProperties) = preSolution
		HideSolutionNode = FALSE
	EndGlobalSection
	GlobalSection(ExtensibilityGlobals) = postSolution
		SolutionGuid = {03807B3C-D547-4555-A060-9A83690FD5B1}
	EndGlobalSection
EndGlobal
