
Microsoft Visual Studio Solution File, Format Version 12.00
# Visual Studio Version 16
VisualStudioVersion = 16.0.30611.23
MinimumVisualStudioVersion = 10.0.40219.1
Project("{FAE04EC0-301F-11D3-BF4B-00C04F79EFBC}") = "DataGridViewExample", "DataGridViewExample.csproj", "{BE51E4C0-1722-4284-AB41-BB14D19B73DA}"
EndProject
Global
	GlobalSection(SolutionConfigurationPlatforms) = preSolution
		Debug|Any CPU = Debug|Any CPU
		Release|Any CPU = Release|Any CPU
	EndGlobalSection
	GlobalSection(ProjectConfigurationPlatforms) = postSolution
		{BE51E4C0-1722-4284-AB41-BB14D19B73DA}.Debug|Any CPU.ActiveCfg = Debug|Any CPU
		{BE51E4C0-1722-4284-AB41-BB14D19B73DA}.Debug|Any CPU.Build.0 = Debug|Any CPU
		{BE51E4C0-1722-4284-AB41-BB14D19B73DA}.Release|Any CPU.ActiveCfg = Release|Any CPU
		{BE51E4C0-1722-4284-AB41-BB14D19B73DA}.Release|Any CPU.Build.0 = Release|Any CPU
	EndGlobalSection
	GlobalSection(SolutionProperties) = preSolution
		HideSolutionNode = FALSE
	EndGlobalSection
	GlobalSection(ExtensibilityGlobals) = postSolution
		SolutionGuid = {52E7F121-88E2-4C97-AFB0-6F2C9356EB6A}
	EndGlobalSection
EndGlobal
