
Microsoft Visual Studio Solution File, Format Version 12.00
# Visual Studio Version 16
VisualStudioVersion = 16.0.30611.23
MinimumVisualStudioVersion = 10.0.40219.1
Project("{FAE04EC0-301F-11D3-BF4B-00C04F79EFBC}") = "DataAccessAnalysis3", "DataAccessAnalysis3.csproj", "{88FC0348-F7FF-40AA-AAEE-7DB16F00D32E}"
EndProject
Global
	GlobalSection(SolutionConfigurationPlatforms) = preSolution
		Debug|Any CPU = Debug|Any CPU
		Release|Any CPU = Release|Any CPU
	EndGlobalSection
	GlobalSection(ProjectConfigurationPlatforms) = postSolution
		{88FC0348-F7FF-40AA-AAEE-7DB16F00D32E}.Debug|Any CPU.ActiveCfg = Debug|Any CPU
		{88FC0348-F7FF-40AA-AAEE-7DB16F00D32E}.Debug|Any CPU.Build.0 = Debug|Any CPU
		{88FC0348-F7FF-40AA-AAEE-7DB16F00D32E}.Release|Any CPU.ActiveCfg = Release|Any CPU
		{88FC0348-F7FF-40AA-AAEE-7DB16F00D32E}.Release|Any CPU.Build.0 = Release|Any CPU
	EndGlobalSection
	GlobalSection(SolutionProperties) = preSolution
		HideSolutionNode = FALSE
	EndGlobalSection
	GlobalSection(ExtensibilityGlobals) = postSolution
		SolutionGuid = {F23EB150-C268-4589-8083-F2759173BBC5}
	EndGlobalSection
EndGlobal
