
Microsoft Visual Studio Solution File, Format Version 12.00
# Visual Studio Version 16
VisualStudioVersion = 16.0.30611.23
MinimumVisualStudioVersion = 10.0.40219.1
Project("{FAE04EC0-301F-11D3-BF4B-00C04F79EFBC}") = "LoadDataSetXml", "LoadDataSetXml.csproj", "{671F64BD-BCBB-45DB-ADEB-099ECEE9368E}"
EndProject
Global
	GlobalSection(SolutionConfigurationPlatforms) = preSolution
		Debug|Any CPU = Debug|Any CPU
		Release|Any CPU = Release|Any CPU
	EndGlobalSection
	GlobalSection(ProjectConfigurationPlatforms) = postSolution
		{671F64BD-BCBB-45DB-ADEB-099ECEE9368E}.Debug|Any CPU.ActiveCfg = Debug|Any CPU
		{671F64BD-BCBB-45DB-ADEB-099ECEE9368E}.Debug|Any CPU.Build.0 = Debug|Any CPU
		{671F64BD-BCBB-45DB-ADEB-099ECEE9368E}.Release|Any CPU.ActiveCfg = Release|Any CPU
		{671F64BD-BCBB-45DB-ADEB-099ECEE9368E}.Release|Any CPU.Build.0 = Release|Any CPU
	EndGlobalSection
	GlobalSection(SolutionProperties) = preSolution
		HideSolutionNode = FALSE
	EndGlobalSection
	GlobalSection(ExtensibilityGlobals) = postSolution
		SolutionGuid = {224736E1-8D86-4F99-A2B9-F8612A53B151}
	EndGlobalSection
EndGlobal
